
Microsoft Visual Studio Solution File, Format Version 12.00
# Visual Studio Version 17
VisualStudioVersion = 17.11.35312.102
MinimumVisualStudioVersion = 10.0.40219.1
Project("{8BC9CEB8-8B4A-11D0-8D11-00A0C91BC942}") = "Lab04_5", "Lab04_5\Lab04_5.vcxproj", "{8910CE4D-9A37-4E83-8823-6C95DA862DF2}"
EndProject
Global
	GlobalSection(SolutionConfigurationPlatforms) = preSolution
		Debug|x64 = Debug|x64
		Debug|x86 = Debug|x86
		Release|x64 = Release|x64
		Release|x86 = Release|x86
	EndGlobalSection
	GlobalSection(ProjectConfigurationPlatforms) = postSolution
		{8910CE4D-9A37-4E83-8823-6C95DA862DF2}.Debug|x64.ActiveCfg = Debug|x64
		{8910CE4D-9A37-4E83-8823-6C95DA862DF2}.Debug|x64.Build.0 = Debug|x64
		{8910CE4D-9A37-4E83-8823-6C95DA862DF2}.Debug|x86.ActiveCfg = Debug|Win32
		{8910CE4D-9A37-4E83-8823-6C95DA862DF2}.Debug|x86.Build.0 = Debug|Win32
		{8910CE4D-9A37-4E83-8823-6C95DA862DF2}.Release|x64.ActiveCfg = Release|x64
		{8910CE4D-9A37-4E83-8823-6C95DA862DF2}.Release|x64.Build.0 = Release|x64
		{8910CE4D-9A37-4E83-8823-6C95DA862DF2}.Release|x86.ActiveCfg = Release|Win32
		{8910CE4D-9A37-4E83-8823-6C95DA862DF2}.Release|x86.Build.0 = Release|Win32
	EndGlobalSection
	GlobalSection(SolutionProperties) = preSolution
		HideSolutionNode = FALSE
	EndGlobalSection
	GlobalSection(ExtensibilityGlobals) = postSolution
		SolutionGuid = {CDEDDFB6-C3C3-4077-8BB3-4E146DC5BCFA}
	EndGlobalSection
EndGlobal
